
Microsoft Visual Studio Solution File, Format Version 12.00
# Visual Studio Version 17
VisualStudioVersion = 17.13.35806.99 d17.13
MinimumVisualStudioVersion = 10.0.40219.1
Project("{FAE04EC0-301F-11D3-BF4B-00C04F79EFBC}") = "MullBrute", "MullBrute\MullBrute.csproj", "{66A83039-7280-4566-8028-D9F8874ECFED}"
EndProject
Global
	GlobalSection(SolutionConfigurationPlatforms) = preSolution
		Debug|Any CPU = Debug|Any CPU
		Release|Any CPU = Release|Any CPU
	EndGlobalSection
	GlobalSection(ProjectConfigurationPlatforms) = postSolution
		{66A83039-7280-4566-8028-D9F8874ECFED}.Debug|Any CPU.ActiveCfg = Debug|Any CPU
		{66A83039-7280-4566-8028-D9F8874ECFED}.Debug|Any CPU.Build.0 = Debug|Any CPU
		{66A83039-7280-4566-8028-D9F8874ECFED}.Release|Any CPU.ActiveCfg = Release|Any CPU
		{66A83039-7280-4566-8028-D9F8874ECFED}.Release|Any CPU.Build.0 = Release|Any CPU
	EndGlobalSection
	GlobalSection(SolutionProperties) = preSolution
		HideSolutionNode = FALSE
	EndGlobalSection
	GlobalSection(ExtensibilityGlobals) = postSolution
		SolutionGuid = {ACD28DDD-C6E5-4A69-8251-48D85EEA3921}
	EndGlobalSection
EndGlobal
